
Microsoft Visual Studio Solution File, Format Version 12.00
# Visual Studio 15
VisualStudioVersion = 15.0.27703.2035
MinimumVisualStudioVersion = 10.0.40219.1
Project("{FAE04EC0-301F-11D3-BF4B-00C04F79EFBC}") = "SHMain", "SHMain\SHMain.csproj", "{058DF66A-DAC1-4E73-BF76-E5F34847B576}"
EndProject
Project("{2150E333-8FDC-42A3-9474-1A3956D46DE8}") = "UWPHelper", "UWPHelper", "{8DBE1CBE-AC70-4294-A260-68989210A000}"
EndProject
Project("{FAE04EC0-301F-11D3-BF4B-00C04F79EFBC}") = "UWPHelper", "UWPHelper\UWPHelper\UWPHelper.csproj", "{30070A18-BD50-41C5-80A7-7C28667A78BE}"
EndProject
Project("{2150E333-8FDC-42A3-9474-1A3956D46DE8}") = "Utils", "Utils", "{1C237E98-C45E-4715-AFBD-8A8F71E9E91B}"
EndProject
Project("{2150E333-8FDC-42A3-9474-1A3956D46DE8}") = "RouterParser", "RouterParser", "{C50469A7-75B4-46F0-AE89-28B1CB7A5DDC}"
EndProject
Project("{FAE04EC0-301F-11D3-BF4B-00C04F79EFBC}") = "RouterParser", "Utils\RouterParser\RouterParser.csproj", "{537E7400-E8F3-485C-A746-97C83E3E6A9F}"
EndProject
Project("{2150E333-8FDC-42A3-9474-1A3956D46DE8}") = "DevicesPresenter", "DevicesPresenter", "{6C4AD137-1369-4291-96AD-590429D3996C}"
EndProject
Project("{FAE04EC0-301F-11D3-BF4B-00C04F79EFBC}") = "IDevicesPresenter", "DevicesPresenter\IDevicesPresenter\IDevicesPresenter.csproj", "{469FCE32-1D2A-4CC9-BFA9-DBA0114FD551}"
EndProject
Project("{FAE04EC0-301F-11D3-BF4B-00C04F79EFBC}") = "DevicesPresenterImpl", "DevicesPresenter\DevicesPresenterImpl\DevicesPresenterImpl.csproj", "{C3312F4D-66F3-4D13-9703-EB1182D41ABE}"
EndProject
Project("{FAE04EC0-301F-11D3-BF4B-00C04F79EFBC}") = "DevicesPresenterControls", "DevicesPresenter\DevicesPresenterControls\DevicesPresenterControls.csproj", "{0B1BCBD6-EEEF-47D8-A824-9A52444E95AC}"
EndProject
Project("{2150E333-8FDC-42A3-9474-1A3956D46DE8}") = "DataManager", "DataManager", "{9DA5F827-32CE-41BF-B4B1-8ADC90F25067}"
EndProject
Project("{FAE04EC0-301F-11D3-BF4B-00C04F79EFBC}") = "DataManagerImpl", "DataManager\DataManagerImpl\DataManagerImpl.csproj", "{59020DF2-5456-4811-941C-E9E6BC09F9D7}"
EndProject
Project("{2150E333-8FDC-42A3-9474-1A3956D46DE8}") = "SHBase", "SHBase", "{2AC7A15C-66C6-4410-9E88-F55D0684FB7B}"
EndProject
Project("{FAE04EC0-301F-11D3-BF4B-00C04F79EFBC}") = "SHBase", "SHBase\SHBase\SHBase.csproj", "{56A497FA-3A32-49F2-95DD-66D2D24B3D9D}"
EndProject
Project("{FAE04EC0-301F-11D3-BF4B-00C04F79EFBC}") = "ISHBase", "SHBase\ISHBase\ISHBase.csproj", "{31E8465C-6BC2-46D5-834D-0E940C3C33EA}"
EndProject
Project("{FAE04EC0-301F-11D3-BF4B-00C04F79EFBC}") = "ISwitches", "Switches\ISwitches\ISwitches.csproj", "{2C13FEAB-0284-45D6-A4D2-9E5B58D68EBE}"
EndProject
Project("{2150E333-8FDC-42A3-9474-1A3956D46DE8}") = "Devices", "Devices", "{5E7D595F-3FCE-4DB1-AF7E-FDCAA549696E}"
EndProject
Project("{2150E333-8FDC-42A3-9474-1A3956D46DE8}") = "Switches", "Switches", "{E7408A93-EA7B-4EE3-8203-47D19101E8D3}"
EndProject
Project("{FAE04EC0-301F-11D3-BF4B-00C04F79EFBC}") = "SwitchesImpl", "Switches\SwitchesImpl\SwitchesImpl.csproj", "{0F48F833-5A2C-4C19-85DA-296A6EA5554C}"
EndProject
Project("{FAE04EC0-301F-11D3-BF4B-00C04F79EFBC}") = "IDataManager", "DataManager\IDataManager\IDataManager.csproj", "{D47AD259-430A-4A84-8AC2-FCED700FB4AD}"
EndProject
Project("{FAE04EC0-301F-11D3-BF4B-00C04F79EFBC}") = "SwitchesControls", "Switches\SwitchesControls\SwitchesControls.csproj", "{421990D9-1026-42A7-AD34-7CC97A65CB53}"
EndProject
Global
	GlobalSection(SolutionConfigurationPlatforms) = preSolution
		Debug|Any CPU = Debug|Any CPU
		Debug|ARM = Debug|ARM
		Debug|ARM64 = Debug|ARM64
		Debug|x64 = Debug|x64
		Debug|x86 = Debug|x86
		Release|Any CPU = Release|Any CPU
		Release|ARM = Release|ARM
		Release|ARM64 = Release|ARM64
		Release|x64 = Release|x64
		Release|x86 = Release|x86
	EndGlobalSection
	GlobalSection(ProjectConfigurationPlatforms) = postSolution
		{058DF66A-DAC1-4E73-BF76-E5F34847B576}.Debug|Any CPU.ActiveCfg = Debug|x86
		{058DF66A-DAC1-4E73-BF76-E5F34847B576}.Debug|ARM.ActiveCfg = Debug|ARM
		{058DF66A-DAC1-4E73-BF76-E5F34847B576}.Debug|ARM.Build.0 = Debug|ARM
		{058DF66A-DAC1-4E73-BF76-E5F34847B576}.Debug|ARM.Deploy.0 = Debug|ARM
		{058DF66A-DAC1-4E73-BF76-E5F34847B576}.Debug|ARM64.ActiveCfg = Debug|x86
		{058DF66A-DAC1-4E73-BF76-E5F34847B576}.Debug|x64.ActiveCfg = Debug|x64
		{058DF66A-DAC1-4E73-BF76-E5F34847B576}.Debug|x64.Build.0 = Debug|x64
		{058DF66A-DAC1-4E73-BF76-E5F34847B576}.Debug|x64.Deploy.0 = Debug|x64
		{058DF66A-DAC1-4E73-BF76-E5F34847B576}.Debug|x86.ActiveCfg = Debug|x86
		{058DF66A-DAC1-4E73-BF76-E5F34847B576}.Debug|x86.Build.0 = Debug|x86
		{058DF66A-DAC1-4E73-BF76-E5F34847B576}.Debug|x86.Deploy.0 = Debug|x86
		{058DF66A-DAC1-4E73-BF76-E5F34847B576}.Release|Any CPU.ActiveCfg = Release|x86
		{058DF66A-DAC1-4E73-BF76-E5F34847B576}.Release|ARM.ActiveCfg = Release|ARM
		{058DF66A-DAC1-4E73-BF76-E5F34847B576}.Release|ARM.Build.0 = Release|ARM
		{058DF66A-DAC1-4E73-BF76-E5F34847B576}.Release|ARM.Deploy.0 = Release|ARM
		{058DF66A-DAC1-4E73-BF76-E5F34847B576}.Release|ARM64.ActiveCfg = Release|x86
		{058DF66A-DAC1-4E73-BF76-E5F34847B576}.Release|x64.ActiveCfg = Release|x64
		{058DF66A-DAC1-4E73-BF76-E5F34847B576}.Release|x64.Build.0 = Release|x64
		{058DF66A-DAC1-4E73-BF76-E5F34847B576}.Release|x64.Deploy.0 = Release|x64
		{058DF66A-DAC1-4E73-BF76-E5F34847B576}.Release|x86.ActiveCfg = Release|x86
		{058DF66A-DAC1-4E73-BF76-E5F34847B576}.Release|x86.Build.0 = Release|x86
		{058DF66A-DAC1-4E73-BF76-E5F34847B576}.Release|x86.Deploy.0 = Release|x86
		{30070A18-BD50-41C5-80A7-7C28667A78BE}.Debug|Any CPU.ActiveCfg = Debug|Any CPU
		{30070A18-BD50-41C5-80A7-7C28667A78BE}.Debug|Any CPU.Build.0 = Debug|Any CPU
		{30070A18-BD50-41C5-80A7-7C28667A78BE}.Debug|ARM.ActiveCfg = Debug|ARM
		{30070A18-BD50-41C5-80A7-7C28667A78BE}.Debug|ARM.Build.0 = Debug|ARM
		{30070A18-BD50-41C5-80A7-7C28667A78BE}.Debug|ARM64.ActiveCfg = Debug|Any CPU
		{30070A18-BD50-41C5-80A7-7C28667A78BE}.Debug|ARM64.Build.0 = Debug|Any CPU
		{30070A18-BD50-41C5-80A7-7C28667A78BE}.Debug|x64.ActiveCfg = Debug|x64
		{30070A18-BD50-41C5-80A7-7C28667A78BE}.Debug|x64.Build.0 = Debug|x64
		{30070A18-BD50-41C5-80A7-7C28667A78BE}.Debug|x86.ActiveCfg = Debug|x86
		{30070A18-BD50-41C5-80A7-7C28667A78BE}.Debug|x86.Build.0 = Debug|x86
		{30070A18-BD50-41C5-80A7-7C28667A78BE}.Release|Any CPU.ActiveCfg = Release|Any CPU
		{30070A18-BD50-41C5-80A7-7C28667A78BE}.Release|Any CPU.Build.0 = Release|Any CPU
		{30070A18-BD50-41C5-80A7-7C28667A78BE}.Release|ARM.ActiveCfg = Release|ARM
		{30070A18-BD50-41C5-80A7-7C28667A78BE}.Release|ARM.Build.0 = Release|ARM
		{30070A18-BD50-41C5-80A7-7C28667A78BE}.Release|ARM64.ActiveCfg = Release|Any CPU
		{30070A18-BD50-41C5-80A7-7C28667A78BE}.Release|ARM64.Build.0 = Release|Any CPU
		{30070A18-BD50-41C5-80A7-7C28667A78BE}.Release|x64.ActiveCfg = Release|x64
		{30070A18-BD50-41C5-80A7-7C28667A78BE}.Release|x64.Build.0 = Release|x64
		{30070A18-BD50-41C5-80A7-7C28667A78BE}.Release|x86.ActiveCfg = Release|x86
		{30070A18-BD50-41C5-80A7-7C28667A78BE}.Release|x86.Build.0 = Release|x86
		{537E7400-E8F3-485C-A746-97C83E3E6A9F}.Debug|Any CPU.ActiveCfg = Debug|Any CPU
		{537E7400-E8F3-485C-A746-97C83E3E6A9F}.Debug|Any CPU.Build.0 = Debug|Any CPU
		{537E7400-E8F3-485C-A746-97C83E3E6A9F}.Debug|ARM.ActiveCfg = Debug|ARM
		{537E7400-E8F3-485C-A746-97C83E3E6A9F}.Debug|ARM.Build.0 = Debug|ARM
		{537E7400-E8F3-485C-A746-97C83E3E6A9F}.Debug|ARM64.ActiveCfg = Debug|Any CPU
		{537E7400-E8F3-485C-A746-97C83E3E6A9F}.Debug|ARM64.Build.0 = Debug|Any CPU
		{537E7400-E8F3-485C-A746-97C83E3E6A9F}.Debug|x64.ActiveCfg = Debug|x64
		{537E7400-E8F3-485C-A746-97C83E3E6A9F}.Debug|x64.Build.0 = Debug|x64
		{537E7400-E8F3-485C-A746-97C83E3E6A9F}.Debug|x86.ActiveCfg = Debug|x86
		{537E7400-E8F3-485C-A746-97C83E3E6A9F}.Debug|x86.Build.0 = Debug|x86
		{537E7400-E8F3-485C-A746-97C83E3E6A9F}.Release|Any CPU.ActiveCfg = Release|Any CPU
		{537E7400-E8F3-485C-A746-97C83E3E6A9F}.Release|Any CPU.Build.0 = Release|Any CPU
		{537E7400-E8F3-485C-A746-97C83E3E6A9F}.Release|ARM.ActiveCfg = Release|ARM
		{537E7400-E8F3-485C-A746-97C83E3E6A9F}.Release|ARM.Build.0 = Release|ARM
		{537E7400-E8F3-485C-A746-97C83E3E6A9F}.Release|ARM64.ActiveCfg = Release|Any CPU
		{537E7400-E8F3-485C-A746-97C83E3E6A9F}.Release|ARM64.Build.0 = Release|Any CPU
		{537E7400-E8F3-485C-A746-97C83E3E6A9F}.Release|x64.ActiveCfg = Release|x64
		{537E7400-E8F3-485C-A746-97C83E3E6A9F}.Release|x64.Build.0 = Release|x64
		{537E7400-E8F3-485C-A746-97C83E3E6A9F}.Release|x86.ActiveCfg = Release|x86
		{537E7400-E8F3-485C-A746-97C83E3E6A9F}.Release|x86.Build.0 = Release|x86
		{469FCE32-1D2A-4CC9-BFA9-DBA0114FD551}.Debug|Any CPU.ActiveCfg = Debug|Any CPU
		{469FCE32-1D2A-4CC9-BFA9-DBA0114FD551}.Debug|Any CPU.Build.0 = Debug|Any CPU
		{469FCE32-1D2A-4CC9-BFA9-DBA0114FD551}.Debug|ARM.ActiveCfg = Debug|ARM
		{469FCE32-1D2A-4CC9-BFA9-DBA0114FD551}.Debug|ARM.Build.0 = Debug|ARM
		{469FCE32-1D2A-4CC9-BFA9-DBA0114FD551}.Debug|ARM64.ActiveCfg = Debug|Any CPU
		{469FCE32-1D2A-4CC9-BFA9-DBA0114FD551}.Debug|ARM64.Build.0 = Debug|Any CPU
		{469FCE32-1D2A-4CC9-BFA9-DBA0114FD551}.Debug|x64.ActiveCfg = Debug|x64
		{469FCE32-1D2A-4CC9-BFA9-DBA0114FD551}.Debug|x64.Build.0 = Debug|x64
		{469FCE32-1D2A-4CC9-BFA9-DBA0114FD551}.Debug|x86.ActiveCfg = Debug|x86
		{469FCE32-1D2A-4CC9-BFA9-DBA0114FD551}.Debug|x86.Build.0 = Debug|x86
		{469FCE32-1D2A-4CC9-BFA9-DBA0114FD551}.Release|Any CPU.ActiveCfg = Release|Any CPU
		{469FCE32-1D2A-4CC9-BFA9-DBA0114FD551}.Release|Any CPU.Build.0 = Release|Any CPU
		{469FCE32-1D2A-4CC9-BFA9-DBA0114FD551}.Release|ARM.ActiveCfg = Release|ARM
		{469FCE32-1D2A-4CC9-BFA9-DBA0114FD551}.Release|ARM.Build.0 = Release|ARM
		{469FCE32-1D2A-4CC9-BFA9-DBA0114FD551}.Release|ARM64.ActiveCfg = Release|Any CPU
		{469FCE32-1D2A-4CC9-BFA9-DBA0114FD551}.Release|ARM64.Build.0 = Release|Any CPU
		{469FCE32-1D2A-4CC9-BFA9-DBA0114FD551}.Release|x64.ActiveCfg = Release|x64
		{469FCE32-1D2A-4CC9-BFA9-DBA0114FD551}.Release|x64.Build.0 = Release|x64
		{469FCE32-1D2A-4CC9-BFA9-DBA0114FD551}.Release|x86.ActiveCfg = Release|x86
		{469FCE32-1D2A-4CC9-BFA9-DBA0114FD551}.Release|x86.Build.0 = Release|x86
		{C3312F4D-66F3-4D13-9703-EB1182D41ABE}.Debug|Any CPU.ActiveCfg = Debug|Any CPU
		{C3312F4D-66F3-4D13-9703-EB1182D41ABE}.Debug|Any CPU.Build.0 = Debug|Any CPU
		{C3312F4D-66F3-4D13-9703-EB1182D41ABE}.Debug|ARM.ActiveCfg = Debug|ARM
		{C3312F4D-66F3-4D13-9703-EB1182D41ABE}.Debug|ARM.Build.0 = Debug|ARM
		{C3312F4D-66F3-4D13-9703-EB1182D41ABE}.Debug|ARM64.ActiveCfg = Debug|Any CPU
		{C3312F4D-66F3-4D13-9703-EB1182D41ABE}.Debug|ARM64.Build.0 = Debug|Any CPU
		{C3312F4D-66F3-4D13-9703-EB1182D41ABE}.Debug|x64.ActiveCfg = Debug|x64
		{C3312F4D-66F3-4D13-9703-EB1182D41ABE}.Debug|x64.Build.0 = Debug|x64
		{C3312F4D-66F3-4D13-9703-EB1182D41ABE}.Debug|x86.ActiveCfg = Debug|x86
		{C3312F4D-66F3-4D13-9703-EB1182D41ABE}.Debug|x86.Build.0 = Debug|x86
		{C3312F4D-66F3-4D13-9703-EB1182D41ABE}.Release|Any CPU.ActiveCfg = Release|Any CPU
		{C3312F4D-66F3-4D13-9703-EB1182D41ABE}.Release|Any CPU.Build.0 = Release|Any CPU
		{C3312F4D-66F3-4D13-9703-EB1182D41ABE}.Release|ARM.ActiveCfg = Release|ARM
		{C3312F4D-66F3-4D13-9703-EB1182D41ABE}.Release|ARM.Build.0 = Release|ARM
		{C3312F4D-66F3-4D13-9703-EB1182D41ABE}.Release|ARM64.ActiveCfg = Release|Any CPU
		{C3312F4D-66F3-4D13-9703-EB1182D41ABE}.Release|ARM64.Build.0 = Release|Any CPU
		{C3312F4D-66F3-4D13-9703-EB1182D41ABE}.Release|x64.ActiveCfg = Release|x64
		{C3312F4D-66F3-4D13-9703-EB1182D41ABE}.Release|x64.Build.0 = Release|x64
		{C3312F4D-66F3-4D13-9703-EB1182D41ABE}.Release|x86.ActiveCfg = Release|x86
		{C3312F4D-66F3-4D13-9703-EB1182D41ABE}.Release|x86.Build.0 = Release|x86
		{0B1BCBD6-EEEF-47D8-A824-9A52444E95AC}.Debug|Any CPU.ActiveCfg = Debug|Any CPU
		{0B1BCBD6-EEEF-47D8-A824-9A52444E95AC}.Debug|Any CPU.Build.0 = Debug|Any CPU
		{0B1BCBD6-EEEF-47D8-A824-9A52444E95AC}.Debug|ARM.ActiveCfg = Debug|ARM
		{0B1BCBD6-EEEF-47D8-A824-9A52444E95AC}.Debug|ARM.Build.0 = Debug|ARM
		{0B1BCBD6-EEEF-47D8-A824-9A52444E95AC}.Debug|ARM64.ActiveCfg = Debug|Any CPU
		{0B1BCBD6-EEEF-47D8-A824-9A52444E95AC}.Debug|ARM64.Build.0 = Debug|Any CPU
		{0B1BCBD6-EEEF-47D8-A824-9A52444E95AC}.Debug|x64.ActiveCfg = Debug|x64
		{0B1BCBD6-EEEF-47D8-A824-9A52444E95AC}.Debug|x64.Build.0 = Debug|x64
		{0B1BCBD6-EEEF-47D8-A824-9A52444E95AC}.Debug|x86.ActiveCfg = Debug|x86
		{0B1BCBD6-EEEF-47D8-A824-9A52444E95AC}.Debug|x86.Build.0 = Debug|x86
		{0B1BCBD6-EEEF-47D8-A824-9A52444E95AC}.Release|Any CPU.ActiveCfg = Release|Any CPU
		{0B1BCBD6-EEEF-47D8-A824-9A52444E95AC}.Release|Any CPU.Build.0 = Release|Any CPU
		{0B1BCBD6-EEEF-47D8-A824-9A52444E95AC}.Release|ARM.ActiveCfg = Release|ARM
		{0B1BCBD6-EEEF-47D8-A824-9A52444E95AC}.Release|ARM.Build.0 = Release|ARM
		{0B1BCBD6-EEEF-47D8-A824-9A52444E95AC}.Release|ARM64.ActiveCfg = Release|Any CPU
		{0B1BCBD6-EEEF-47D8-A824-9A52444E95AC}.Release|ARM64.Build.0 = Release|Any CPU
		{0B1BCBD6-EEEF-47D8-A824-9A52444E95AC}.Release|x64.ActiveCfg = Release|x64
		{0B1BCBD6-EEEF-47D8-A824-9A52444E95AC}.Release|x64.Build.0 = Release|x64
		{0B1BCBD6-EEEF-47D8-A824-9A52444E95AC}.Release|x86.ActiveCfg = Release|x86
		{0B1BCBD6-EEEF-47D8-A824-9A52444E95AC}.Release|x86.Build.0 = Release|x86
		{59020DF2-5456-4811-941C-E9E6BC09F9D7}.Debug|Any CPU.ActiveCfg = Debug|Any CPU
		{59020DF2-5456-4811-941C-E9E6BC09F9D7}.Debug|Any CPU.Build.0 = Debug|Any CPU
		{59020DF2-5456-4811-941C-E9E6BC09F9D7}.Debug|ARM.ActiveCfg = Debug|ARM
		{59020DF2-5456-4811-941C-E9E6BC09F9D7}.Debug|ARM.Build.0 = Debug|ARM
		{59020DF2-5456-4811-941C-E9E6BC09F9D7}.Debug|ARM64.ActiveCfg = Debug|Any CPU
		{59020DF2-5456-4811-941C-E9E6BC09F9D7}.Debug|ARM64.Build.0 = Debug|Any CPU
		{59020DF2-5456-4811-941C-E9E6BC09F9D7}.Debug|x64.ActiveCfg = Debug|x64
		{59020DF2-5456-4811-941C-E9E6BC09F9D7}.Debug|x64.Build.0 = Debug|x64
		{59020DF2-5456-4811-941C-E9E6BC09F9D7}.Debug|x86.ActiveCfg = Debug|x86
		{59020DF2-5456-4811-941C-E9E6BC09F9D7}.Debug|x86.Build.0 = Debug|x86
		{59020DF2-5456-4811-941C-E9E6BC09F9D7}.Release|Any CPU.ActiveCfg = Release|Any CPU
		{59020DF2-5456-4811-941C-E9E6BC09F9D7}.Release|Any CPU.Build.0 = Release|Any CPU
		{59020DF2-5456-4811-941C-E9E6BC09F9D7}.Release|ARM.ActiveCfg = Release|ARM
		{59020DF2-5456-4811-941C-E9E6BC09F9D7}.Release|ARM.Build.0 = Release|ARM
		{59020DF2-5456-4811-941C-E9E6BC09F9D7}.Release|ARM64.ActiveCfg = Release|Any CPU
		{59020DF2-5456-4811-941C-E9E6BC09F9D7}.Release|ARM64.Build.0 = Release|Any CPU
		{59020DF2-5456-4811-941C-E9E6BC09F9D7}.Release|x64.ActiveCfg = Release|x64
		{59020DF2-5456-4811-941C-E9E6BC09F9D7}.Release|x64.Build.0 = Release|x64
		{59020DF2-5456-4811-941C-E9E6BC09F9D7}.Release|x86.ActiveCfg = Release|x86
		{59020DF2-5456-4811-941C-E9E6BC09F9D7}.Release|x86.Build.0 = Release|x86
		{56A497FA-3A32-49F2-95DD-66D2D24B3D9D}.Debug|Any CPU.ActiveCfg = Debug|Any CPU
		{56A497FA-3A32-49F2-95DD-66D2D24B3D9D}.Debug|Any CPU.Build.0 = Debug|Any CPU
		{56A497FA-3A32-49F2-95DD-66D2D24B3D9D}.Debug|ARM.ActiveCfg = Debug|ARM
		{56A497FA-3A32-49F2-95DD-66D2D24B3D9D}.Debug|ARM.Build.0 = Debug|ARM
		{56A497FA-3A32-49F2-95DD-66D2D24B3D9D}.Debug|ARM64.ActiveCfg = Debug|ARM64
		{56A497FA-3A32-49F2-95DD-66D2D24B3D9D}.Debug|ARM64.Build.0 = Debug|ARM64
		{56A497FA-3A32-49F2-95DD-66D2D24B3D9D}.Debug|x64.ActiveCfg = Debug|x64
		{56A497FA-3A32-49F2-95DD-66D2D24B3D9D}.Debug|x64.Build.0 = Debug|x64
		{56A497FA-3A32-49F2-95DD-66D2D24B3D9D}.Debug|x86.ActiveCfg = Debug|x86
		{56A497FA-3A32-49F2-95DD-66D2D24B3D9D}.Debug|x86.Build.0 = Debug|x86
		{56A497FA-3A32-49F2-95DD-66D2D24B3D9D}.Release|Any CPU.ActiveCfg = Release|Any CPU
		{56A497FA-3A32-49F2-95DD-66D2D24B3D9D}.Release|Any CPU.Build.0 = Release|Any CPU
		{56A497FA-3A32-49F2-95DD-66D2D24B3D9D}.Release|ARM.ActiveCfg = Release|ARM
		{56A497FA-3A32-49F2-95DD-66D2D24B3D9D}.Release|ARM.Build.0 = Release|ARM
		{56A497FA-3A32-49F2-95DD-66D2D24B3D9D}.Release|ARM64.ActiveCfg = Release|ARM64
		{56A497FA-3A32-49F2-95DD-66D2D24B3D9D}.Release|ARM64.Build.0 = Release|ARM64
		{56A497FA-3A32-49F2-95DD-66D2D24B3D9D}.Release|x64.ActiveCfg = Release|x64
		{56A497FA-3A32-49F2-95DD-66D2D24B3D9D}.Release|x64.Build.0 = Release|x64
		{56A497FA-3A32-49F2-95DD-66D2D24B3D9D}.Release|x86.ActiveCfg = Release|x86
		{56A497FA-3A32-49F2-95DD-66D2D24B3D9D}.Release|x86.Build.0 = Release|x86
		{31E8465C-6BC2-46D5-834D-0E940C3C33EA}.Debug|Any CPU.ActiveCfg = Debug|Any CPU
		{31E8465C-6BC2-46D5-834D-0E940C3C33EA}.Debug|Any CPU.Build.0 = Debug|Any CPU
		{31E8465C-6BC2-46D5-834D-0E940C3C33EA}.Debug|ARM.ActiveCfg = Debug|ARM
		{31E8465C-6BC2-46D5-834D-0E940C3C33EA}.Debug|ARM.Build.0 = Debug|ARM
		{31E8465C-6BC2-46D5-834D-0E940C3C33EA}.Debug|ARM64.ActiveCfg = Debug|ARM64
		{31E8465C-6BC2-46D5-834D-0E940C3C33EA}.Debug|ARM64.Build.0 = Debug|ARM64
		{31E8465C-6BC2-46D5-834D-0E940C3C33EA}.Debug|x64.ActiveCfg = Debug|x64
		{31E8465C-6BC2-46D5-834D-0E940C3C33EA}.Debug|x64.Build.0 = Debug|x64
		{31E8465C-6BC2-46D5-834D-0E940C3C33EA}.Debug|x86.ActiveCfg = Debug|x86
		{31E8465C-6BC2-46D5-834D-0E940C3C33EA}.Debug|x86.Build.0 = Debug|x86
		{31E8465C-6BC2-46D5-834D-0E940C3C33EA}.Release|Any CPU.ActiveCfg = Release|Any CPU
		{31E8465C-6BC2-46D5-834D-0E940C3C33EA}.Release|Any CPU.Build.0 = Release|Any CPU
		{31E8465C-6BC2-46D5-834D-0E940C3C33EA}.Release|ARM.ActiveCfg = Release|ARM
		{31E8465C-6BC2-46D5-834D-0E940C3C33EA}.Release|ARM.Build.0 = Release|ARM
		{31E8465C-6BC2-46D5-834D-0E940C3C33EA}.Release|ARM64.ActiveCfg = Release|ARM64
		{31E8465C-6BC2-46D5-834D-0E940C3C33EA}.Release|ARM64.Build.0 = Release|ARM64
		{31E8465C-6BC2-46D5-834D-0E940C3C33EA}.Release|x64.ActiveCfg = Release|x64
		{31E8465C-6BC2-46D5-834D-0E940C3C33EA}.Release|x64.Build.0 = Release|x64
		{31E8465C-6BC2-46D5-834D-0E940C3C33EA}.Release|x86.ActiveCfg = Release|x86
		{31E8465C-6BC2-46D5-834D-0E940C3C33EA}.Release|x86.Build.0 = Release|x86
		{2C13FEAB-0284-45D6-A4D2-9E5B58D68EBE}.Debug|Any CPU.ActiveCfg = Debug|Any CPU
		{2C13FEAB-0284-45D6-A4D2-9E5B58D68EBE}.Debug|Any CPU.Build.0 = Debug|Any CPU
		{2C13FEAB-0284-45D6-A4D2-9E5B58D68EBE}.Debug|ARM.ActiveCfg = Debug|ARM
		{2C13FEAB-0284-45D6-A4D2-9E5B58D68EBE}.Debug|ARM.Build.0 = Debug|ARM
		{2C13FEAB-0284-45D6-A4D2-9E5B58D68EBE}.Debug|ARM64.ActiveCfg = Debug|ARM64
		{2C13FEAB-0284-45D6-A4D2-9E5B58D68EBE}.Debug|ARM64.Build.0 = Debug|ARM64
		{2C13FEAB-0284-45D6-A4D2-9E5B58D68EBE}.Debug|x64.ActiveCfg = Debug|x64
		{2C13FEAB-0284-45D6-A4D2-9E5B58D68EBE}.Debug|x64.Build.0 = Debug|x64
		{2C13FEAB-0284-45D6-A4D2-9E5B58D68EBE}.Debug|x86.ActiveCfg = Debug|x86
		{2C13FEAB-0284-45D6-A4D2-9E5B58D68EBE}.Debug|x86.Build.0 = Debug|x86
		{2C13FEAB-0284-45D6-A4D2-9E5B58D68EBE}.Release|Any CPU.ActiveCfg = Release|Any CPU
		{2C13FEAB-0284-45D6-A4D2-9E5B58D68EBE}.Release|Any CPU.Build.0 = Release|Any CPU
		{2C13FEAB-0284-45D6-A4D2-9E5B58D68EBE}.Release|ARM.ActiveCfg = Release|ARM
		{2C13FEAB-0284-45D6-A4D2-9E5B58D68EBE}.Release|ARM.Build.0 = Release|ARM
		{2C13FEAB-0284-45D6-A4D2-9E5B58D68EBE}.Release|ARM64.ActiveCfg = Release|ARM64
		{2C13FEAB-0284-45D6-A4D2-9E5B58D68EBE}.Release|ARM64.Build.0 = Release|ARM64
		{2C13FEAB-0284-45D6-A4D2-9E5B58D68EBE}.Release|x64.ActiveCfg = Release|x64
		{2C13FEAB-0284-45D6-A4D2-9E5B58D68EBE}.Release|x64.Build.0 = Release|x64
		{2C13FEAB-0284-45D6-A4D2-9E5B58D68EBE}.Release|x86.ActiveCfg = Release|x86
		{2C13FEAB-0284-45D6-A4D2-9E5B58D68EBE}.Release|x86.Build.0 = Release|x86
		{0F48F833-5A2C-4C19-85DA-296A6EA5554C}.Debug|Any CPU.ActiveCfg = Debug|Any CPU
		{0F48F833-5A2C-4C19-85DA-296A6EA5554C}.Debug|Any CPU.Build.0 = Debug|Any CPU
		{0F48F833-5A2C-4C19-85DA-296A6EA5554C}.Debug|ARM.ActiveCfg = Debug|ARM
		{0F48F833-5A2C-4C19-85DA-296A6EA5554C}.Debug|ARM.Build.0 = Debug|ARM
		{0F48F833-5A2C-4C19-85DA-296A6EA5554C}.Debug|ARM64.ActiveCfg = Debug|ARM64
		{0F48F833-5A2C-4C19-85DA-296A6EA5554C}.Debug|ARM64.Build.0 = Debug|ARM64
		{0F48F833-5A2C-4C19-85DA-296A6EA5554C}.Debug|x64.ActiveCfg = Debug|x64
		{0F48F833-5A2C-4C19-85DA-296A6EA5554C}.Debug|x64.Build.0 = Debug|x64
		{0F48F833-5A2C-4C19-85DA-296A6EA5554C}.Debug|x86.ActiveCfg = Debug|x86
		{0F48F833-5A2C-4C19-85DA-296A6EA5554C}.Debug|x86.Build.0 = Debug|x86
		{0F48F833-5A2C-4C19-85DA-296A6EA5554C}.Release|Any CPU.ActiveCfg = Release|Any CPU
		{0F48F833-5A2C-4C19-85DA-296A6EA5554C}.Release|Any CPU.Build.0 = Release|Any CPU
		{0F48F833-5A2C-4C19-85DA-296A6EA5554C}.Release|ARM.ActiveCfg = Release|ARM
		{0F48F833-5A2C-4C19-85DA-296A6EA5554C}.Release|ARM.Build.0 = Release|ARM
		{0F48F833-5A2C-4C19-85DA-296A6EA5554C}.Release|ARM64.ActiveCfg = Release|ARM64
		{0F48F833-5A2C-4C19-85DA-296A6EA5554C}.Release|ARM64.Build.0 = Release|ARM64
		{0F48F833-5A2C-4C19-85DA-296A6EA5554C}.Release|x64.ActiveCfg = Release|x64
		{0F48F833-5A2C-4C19-85DA-296A6EA5554C}.Release|x64.Build.0 = Release|x64
		{0F48F833-5A2C-4C19-85DA-296A6EA5554C}.Release|x86.ActiveCfg = Release|x86
		{0F48F833-5A2C-4C19-85DA-296A6EA5554C}.Release|x86.Build.0 = Release|x86
		{D47AD259-430A-4A84-8AC2-FCED700FB4AD}.Debug|Any CPU.ActiveCfg = Debug|Any CPU
		{D47AD259-430A-4A84-8AC2-FCED700FB4AD}.Debug|Any CPU.Build.0 = Debug|Any CPU
		{D47AD259-430A-4A84-8AC2-FCED700FB4AD}.Debug|ARM.ActiveCfg = Debug|ARM
		{D47AD259-430A-4A84-8AC2-FCED700FB4AD}.Debug|ARM.Build.0 = Debug|ARM
		{D47AD259-430A-4A84-8AC2-FCED700FB4AD}.Debug|ARM64.ActiveCfg = Debug|ARM64
		{D47AD259-430A-4A84-8AC2-FCED700FB4AD}.Debug|ARM64.Build.0 = Debug|ARM64
		{D47AD259-430A-4A84-8AC2-FCED700FB4AD}.Debug|x64.ActiveCfg = Debug|x64
		{D47AD259-430A-4A84-8AC2-FCED700FB4AD}.Debug|x64.Build.0 = Debug|x64
		{D47AD259-430A-4A84-8AC2-FCED700FB4AD}.Debug|x86.ActiveCfg = Debug|x86
		{D47AD259-430A-4A84-8AC2-FCED700FB4AD}.Debug|x86.Build.0 = Debug|x86
		{D47AD259-430A-4A84-8AC2-FCED700FB4AD}.Release|Any CPU.ActiveCfg = Release|Any CPU
		{D47AD259-430A-4A84-8AC2-FCED700FB4AD}.Release|Any CPU.Build.0 = Release|Any CPU
		{D47AD259-430A-4A84-8AC2-FCED700FB4AD}.Release|ARM.ActiveCfg = Release|ARM
		{D47AD259-430A-4A84-8AC2-FCED700FB4AD}.Release|ARM.Build.0 = Release|ARM
		{D47AD259-430A-4A84-8AC2-FCED700FB4AD}.Release|ARM64.ActiveCfg = Release|ARM64
		{D47AD259-430A-4A84-8AC2-FCED700FB4AD}.Release|ARM64.Build.0 = Release|ARM64
		{D47AD259-430A-4A84-8AC2-FCED700FB4AD}.Release|x64.ActiveCfg = Release|x64
		{D47AD259-430A-4A84-8AC2-FCED700FB4AD}.Release|x64.Build.0 = Release|x64
		{D47AD259-430A-4A84-8AC2-FCED700FB4AD}.Release|x86.ActiveCfg = Release|x86
		{D47AD259-430A-4A84-8AC2-FCED700FB4AD}.Release|x86.Build.0 = Release|x86
		{421990D9-1026-42A7-AD34-7CC97A65CB53}.Debug|Any CPU.ActiveCfg = Debug|Any CPU
		{421990D9-1026-42A7-AD34-7CC97A65CB53}.Debug|Any CPU.Build.0 = Debug|Any CPU
		{421990D9-1026-42A7-AD34-7CC97A65CB53}.Debug|ARM.ActiveCfg = Debug|ARM
		{421990D9-1026-42A7-AD34-7CC97A65CB53}.Debug|ARM.Build.0 = Debug|ARM
		{421990D9-1026-42A7-AD34-7CC97A65CB53}.Debug|ARM64.ActiveCfg = Debug|ARM64
		{421990D9-1026-42A7-AD34-7CC97A65CB53}.Debug|ARM64.Build.0 = Debug|ARM64
		{421990D9-1026-42A7-AD34-7CC97A65CB53}.Debug|x64.ActiveCfg = Debug|x64
		{421990D9-1026-42A7-AD34-7CC97A65CB53}.Debug|x64.Build.0 = Debug|x64
		{421990D9-1026-42A7-AD34-7CC97A65CB53}.Debug|x86.ActiveCfg = Debug|x86
		{421990D9-1026-42A7-AD34-7CC97A65CB53}.Debug|x86.Build.0 = Debug|x86
		{421990D9-1026-42A7-AD34-7CC97A65CB53}.Release|Any CPU.ActiveCfg = Release|Any CPU
		{421990D9-1026-42A7-AD34-7CC97A65CB53}.Release|Any CPU.Build.0 = Release|Any CPU
		{421990D9-1026-42A7-AD34-7CC97A65CB53}.Release|ARM.ActiveCfg = Release|ARM
		{421990D9-1026-42A7-AD34-7CC97A65CB53}.Release|ARM.Build.0 = Release|ARM
		{421990D9-1026-42A7-AD34-7CC97A65CB53}.Release|ARM64.ActiveCfg = Release|ARM64
		{421990D9-1026-42A7-AD34-7CC97A65CB53}.Release|ARM64.Build.0 = Release|ARM64
		{421990D9-1026-42A7-AD34-7CC97A65CB53}.Release|x64.ActiveCfg = Release|x64
		{421990D9-1026-42A7-AD34-7CC97A65CB53}.Release|x64.Build.0 = Release|x64
		{421990D9-1026-42A7-AD34-7CC97A65CB53}.Release|x86.ActiveCfg = Release|x86
		{421990D9-1026-42A7-AD34-7CC97A65CB53}.Release|x86.Build.0 = Release|x86
	EndGlobalSection
	GlobalSection(SolutionProperties) = preSolution
		HideSolutionNode = FALSE
	EndGlobalSection
	GlobalSection(NestedProjects) = preSolution
		{30070A18-BD50-41C5-80A7-7C28667A78BE} = {8DBE1CBE-AC70-4294-A260-68989210A000}
		{C50469A7-75B4-46F0-AE89-28B1CB7A5DDC} = {1C237E98-C45E-4715-AFBD-8A8F71E9E91B}
		{537E7400-E8F3-485C-A746-97C83E3E6A9F} = {C50469A7-75B4-46F0-AE89-28B1CB7A5DDC}
		{469FCE32-1D2A-4CC9-BFA9-DBA0114FD551} = {6C4AD137-1369-4291-96AD-590429D3996C}
		{C3312F4D-66F3-4D13-9703-EB1182D41ABE} = {6C4AD137-1369-4291-96AD-590429D3996C}
		{0B1BCBD6-EEEF-47D8-A824-9A52444E95AC} = {6C4AD137-1369-4291-96AD-590429D3996C}
		{59020DF2-5456-4811-941C-E9E6BC09F9D7} = {9DA5F827-32CE-41BF-B4B1-8ADC90F25067}
		{56A497FA-3A32-49F2-95DD-66D2D24B3D9D} = {2AC7A15C-66C6-4410-9E88-F55D0684FB7B}
		{31E8465C-6BC2-46D5-834D-0E940C3C33EA} = {2AC7A15C-66C6-4410-9E88-F55D0684FB7B}
		{2C13FEAB-0284-45D6-A4D2-9E5B58D68EBE} = {E7408A93-EA7B-4EE3-8203-47D19101E8D3}
		{E7408A93-EA7B-4EE3-8203-47D19101E8D3} = {5E7D595F-3FCE-4DB1-AF7E-FDCAA549696E}
		{0F48F833-5A2C-4C19-85DA-296A6EA5554C} = {E7408A93-EA7B-4EE3-8203-47D19101E8D3}
		{D47AD259-430A-4A84-8AC2-FCED700FB4AD} = {9DA5F827-32CE-41BF-B4B1-8ADC90F25067}
		{421990D9-1026-42A7-AD34-7CC97A65CB53} = {E7408A93-EA7B-4EE3-8203-47D19101E8D3}
	EndGlobalSection
	GlobalSection(ExtensibilityGlobals) = postSolution
		SolutionGuid = {3ADA681A-DA21-4DE8-897B-0874CE107DBF}
	EndGlobalSection
EndGlobal
