
Microsoft Visual Studio Solution File, Format Version 12.00
# Visual Studio Version 16
VisualStudioVersion = 16.0.28902.138
MinimumVisualStudioVersion = 10.0.40219.1
Project("{FAE04EC0-301F-11D3-BF4B-00C04F79EFBC}") = "SHMain", "SHMain\SHMain.csproj", "{058DF66A-DAC1-4E73-BF76-E5F34847B576}"
EndProject
Project("{2150E333-8FDC-42A3-9474-1A3956D46DE8}") = "UWPHelper", "UWPHelper", "{8DBE1CBE-AC70-4294-A260-68989210A000}"
EndProject
Project("{FAE04EC0-301F-11D3-BF4B-00C04F79EFBC}") = "UWPHelper", "UWPHelper\UWPHelper\UWPHelper.csproj", "{30070A18-BD50-41C5-80A7-7C28667A78BE}"
EndProject
Project("{2150E333-8FDC-42A3-9474-1A3956D46DE8}") = "Devices", "Devices", "{5E7D595F-3FCE-4DB1-AF7E-FDCAA549696E}"
EndProject
Project("{2150E333-8FDC-42A3-9474-1A3956D46DE8}") = "SHToolKit", "SHToolKit", "{A8E7EABB-DCD0-4610-AACE-DB4003543957}"
EndProject
Project("{FAE04EC0-301F-11D3-BF4B-00C04F79EFBC}") = "ISHToolKit", "SHToolKit\ISHToolKit\ISHToolKit.csproj", "{7CBC218C-9C09-4A6A-B115-44C022560B22}"
EndProject
Project("{FAE04EC0-301F-11D3-BF4B-00C04F79EFBC}") = "SHToolKitImpl", "SHToolKit\SHToolKitImpl\SHToolKitImpl.csproj", "{44C0FF7D-0786-4F03-89F5-4E5EFA3C190C}"
EndProject
Project("{2150E333-8FDC-42A3-9474-1A3956D46DE8}") = "SH", "SH", "{2A81E314-96E5-455B-BAA9-760003100442}"
EndProject
Project("{2150E333-8FDC-42A3-9474-1A3956D46DE8}") = "SHCore", "SHCore", "{2DBCBF6D-326D-4BE5-AE50-FF913419844A}"
EndProject
Project("{9A19103F-16F7-4668-BE54-9A1E7A4F7556}") = "ISHCore", "SHCore\ISHCore\ISHCore.csproj", "{62A2B658-E47E-4FBD-A4AB-452BB81C78C0}"
EndProject
Project("{9A19103F-16F7-4668-BE54-9A1E7A4F7556}") = "SHCoreImpl", "SHCore\SHCoreImpl\SHCoreImpl.csproj", "{65ED33F3-A9B1-4D12-B1E7-A3E244879181}"
EndProject
Project("{9A19103F-16F7-4668-BE54-9A1E7A4F7556}") = "ISHNode", "SH\ISHNode\ISHNode.csproj", "{93AECCA7-6FED-4DDE-8E17-5A79C042CB37}"
EndProject
Project("{9A19103F-16F7-4668-BE54-9A1E7A4F7556}") = "SHNodeImpl", "SH\SHNodeImpl\SHNodeImpl.csproj", "{026E1EEA-0DED-4EA2-83F4-2F880681E458}"
EndProject
Project("{2150E333-8FDC-42A3-9474-1A3956D46DE8}") = "DataPorts", "DataPorts", "{C6996F86-A779-488D-BD73-A74CFD2A1095}"
EndProject
Project("{9A19103F-16F7-4668-BE54-9A1E7A4F7556}") = "IDataPorts", "DataPorts\IDataPorts\IDataPorts.csproj", "{DA04B6FA-EC48-444D-8462-57574FA08358}"
EndProject
Project("{2150E333-8FDC-42A3-9474-1A3956D46DE8}") = "SHUWPToolKit", "SHUWPToolKit", "{23C293C1-A242-45B4-9ADF-9976213A7F1B}"
EndProject
Project("{FAE04EC0-301F-11D3-BF4B-00C04F79EFBC}") = "SHUWPToolKitImpl", "SHUWPToolKit\SHUWPToolKitImpl\SHUWPToolKitImpl.csproj", "{12F61A02-59AD-44A8-8B37-AD9744B3704E}"
EndProject
Project("{2150E333-8FDC-42A3-9474-1A3956D46DE8}") = "DataRepository", "DataRepository", "{A32AF32D-5BAE-450D-9562-C4BF4A1A192F}"
EndProject
Project("{FAE04EC0-301F-11D3-BF4B-00C04F79EFBC}") = "DataRepositoryImpl", "DataRepository\DataRepositoryImpl\DataRepositoryImpl.csproj", "{2AB7A2D7-DD8C-408B-BB02-58220369E583}"
EndProject
Global
	GlobalSection(SolutionConfigurationPlatforms) = preSolution
		Debug|Any CPU = Debug|Any CPU
		Debug|ARM = Debug|ARM
		Debug|ARM64 = Debug|ARM64
		Debug|x64 = Debug|x64
		Debug|x86 = Debug|x86
		Release|Any CPU = Release|Any CPU
		Release|ARM = Release|ARM
		Release|ARM64 = Release|ARM64
		Release|x64 = Release|x64
		Release|x86 = Release|x86
	EndGlobalSection
	GlobalSection(ProjectConfigurationPlatforms) = postSolution
		{058DF66A-DAC1-4E73-BF76-E5F34847B576}.Debug|Any CPU.ActiveCfg = Debug|x86
		{058DF66A-DAC1-4E73-BF76-E5F34847B576}.Debug|ARM.ActiveCfg = Debug|ARM
		{058DF66A-DAC1-4E73-BF76-E5F34847B576}.Debug|ARM.Build.0 = Debug|ARM
		{058DF66A-DAC1-4E73-BF76-E5F34847B576}.Debug|ARM.Deploy.0 = Debug|ARM
		{058DF66A-DAC1-4E73-BF76-E5F34847B576}.Debug|ARM64.ActiveCfg = Debug|x86
		{058DF66A-DAC1-4E73-BF76-E5F34847B576}.Debug|x64.ActiveCfg = Debug|x64
		{058DF66A-DAC1-4E73-BF76-E5F34847B576}.Debug|x64.Build.0 = Debug|x64
		{058DF66A-DAC1-4E73-BF76-E5F34847B576}.Debug|x64.Deploy.0 = Debug|x64
		{058DF66A-DAC1-4E73-BF76-E5F34847B576}.Debug|x86.ActiveCfg = Debug|x86
		{058DF66A-DAC1-4E73-BF76-E5F34847B576}.Debug|x86.Build.0 = Debug|x86
		{058DF66A-DAC1-4E73-BF76-E5F34847B576}.Debug|x86.Deploy.0 = Debug|x86
		{058DF66A-DAC1-4E73-BF76-E5F34847B576}.Release|Any CPU.ActiveCfg = Release|x86
		{058DF66A-DAC1-4E73-BF76-E5F34847B576}.Release|ARM.ActiveCfg = Release|ARM
		{058DF66A-DAC1-4E73-BF76-E5F34847B576}.Release|ARM.Build.0 = Release|ARM
		{058DF66A-DAC1-4E73-BF76-E5F34847B576}.Release|ARM.Deploy.0 = Release|ARM
		{058DF66A-DAC1-4E73-BF76-E5F34847B576}.Release|ARM64.ActiveCfg = Release|x86
		{058DF66A-DAC1-4E73-BF76-E5F34847B576}.Release|x64.ActiveCfg = Release|x64
		{058DF66A-DAC1-4E73-BF76-E5F34847B576}.Release|x64.Build.0 = Release|x64
		{058DF66A-DAC1-4E73-BF76-E5F34847B576}.Release|x64.Deploy.0 = Release|x64
		{058DF66A-DAC1-4E73-BF76-E5F34847B576}.Release|x86.ActiveCfg = Release|x86
		{058DF66A-DAC1-4E73-BF76-E5F34847B576}.Release|x86.Build.0 = Release|x86
		{058DF66A-DAC1-4E73-BF76-E5F34847B576}.Release|x86.Deploy.0 = Release|x86
		{30070A18-BD50-41C5-80A7-7C28667A78BE}.Debug|Any CPU.ActiveCfg = Debug|Any CPU
		{30070A18-BD50-41C5-80A7-7C28667A78BE}.Debug|Any CPU.Build.0 = Debug|Any CPU
		{30070A18-BD50-41C5-80A7-7C28667A78BE}.Debug|ARM.ActiveCfg = Debug|ARM
		{30070A18-BD50-41C5-80A7-7C28667A78BE}.Debug|ARM.Build.0 = Debug|ARM
		{30070A18-BD50-41C5-80A7-7C28667A78BE}.Debug|ARM64.ActiveCfg = Debug|Any CPU
		{30070A18-BD50-41C5-80A7-7C28667A78BE}.Debug|ARM64.Build.0 = Debug|Any CPU
		{30070A18-BD50-41C5-80A7-7C28667A78BE}.Debug|x64.ActiveCfg = Debug|x64
		{30070A18-BD50-41C5-80A7-7C28667A78BE}.Debug|x64.Build.0 = Debug|x64
		{30070A18-BD50-41C5-80A7-7C28667A78BE}.Debug|x86.ActiveCfg = Debug|x86
		{30070A18-BD50-41C5-80A7-7C28667A78BE}.Debug|x86.Build.0 = Debug|x86
		{30070A18-BD50-41C5-80A7-7C28667A78BE}.Release|Any CPU.ActiveCfg = Release|Any CPU
		{30070A18-BD50-41C5-80A7-7C28667A78BE}.Release|Any CPU.Build.0 = Release|Any CPU
		{30070A18-BD50-41C5-80A7-7C28667A78BE}.Release|ARM.ActiveCfg = Release|ARM
		{30070A18-BD50-41C5-80A7-7C28667A78BE}.Release|ARM.Build.0 = Release|ARM
		{30070A18-BD50-41C5-80A7-7C28667A78BE}.Release|ARM64.ActiveCfg = Release|Any CPU
		{30070A18-BD50-41C5-80A7-7C28667A78BE}.Release|ARM64.Build.0 = Release|Any CPU
		{30070A18-BD50-41C5-80A7-7C28667A78BE}.Release|x64.ActiveCfg = Release|x64
		{30070A18-BD50-41C5-80A7-7C28667A78BE}.Release|x64.Build.0 = Release|x64
		{30070A18-BD50-41C5-80A7-7C28667A78BE}.Release|x86.ActiveCfg = Release|x86
		{30070A18-BD50-41C5-80A7-7C28667A78BE}.Release|x86.Build.0 = Release|x86
		{7CBC218C-9C09-4A6A-B115-44C022560B22}.Debug|Any CPU.ActiveCfg = Debug|Any CPU
		{7CBC218C-9C09-4A6A-B115-44C022560B22}.Debug|Any CPU.Build.0 = Debug|Any CPU
		{7CBC218C-9C09-4A6A-B115-44C022560B22}.Debug|ARM.ActiveCfg = Debug|ARM
		{7CBC218C-9C09-4A6A-B115-44C022560B22}.Debug|ARM.Build.0 = Debug|ARM
		{7CBC218C-9C09-4A6A-B115-44C022560B22}.Debug|ARM64.ActiveCfg = Debug|ARM64
		{7CBC218C-9C09-4A6A-B115-44C022560B22}.Debug|ARM64.Build.0 = Debug|ARM64
		{7CBC218C-9C09-4A6A-B115-44C022560B22}.Debug|x64.ActiveCfg = Debug|x64
		{7CBC218C-9C09-4A6A-B115-44C022560B22}.Debug|x64.Build.0 = Debug|x64
		{7CBC218C-9C09-4A6A-B115-44C022560B22}.Debug|x86.ActiveCfg = Debug|x86
		{7CBC218C-9C09-4A6A-B115-44C022560B22}.Debug|x86.Build.0 = Debug|x86
		{7CBC218C-9C09-4A6A-B115-44C022560B22}.Release|Any CPU.ActiveCfg = Release|Any CPU
		{7CBC218C-9C09-4A6A-B115-44C022560B22}.Release|Any CPU.Build.0 = Release|Any CPU
		{7CBC218C-9C09-4A6A-B115-44C022560B22}.Release|ARM.ActiveCfg = Release|ARM
		{7CBC218C-9C09-4A6A-B115-44C022560B22}.Release|ARM.Build.0 = Release|ARM
		{7CBC218C-9C09-4A6A-B115-44C022560B22}.Release|ARM64.ActiveCfg = Release|ARM64
		{7CBC218C-9C09-4A6A-B115-44C022560B22}.Release|ARM64.Build.0 = Release|ARM64
		{7CBC218C-9C09-4A6A-B115-44C022560B22}.Release|x64.ActiveCfg = Release|x64
		{7CBC218C-9C09-4A6A-B115-44C022560B22}.Release|x64.Build.0 = Release|x64
		{7CBC218C-9C09-4A6A-B115-44C022560B22}.Release|x86.ActiveCfg = Release|x86
		{7CBC218C-9C09-4A6A-B115-44C022560B22}.Release|x86.Build.0 = Release|x86
		{44C0FF7D-0786-4F03-89F5-4E5EFA3C190C}.Debug|Any CPU.ActiveCfg = Debug|Any CPU
		{44C0FF7D-0786-4F03-89F5-4E5EFA3C190C}.Debug|Any CPU.Build.0 = Debug|Any CPU
		{44C0FF7D-0786-4F03-89F5-4E5EFA3C190C}.Debug|ARM.ActiveCfg = Debug|ARM
		{44C0FF7D-0786-4F03-89F5-4E5EFA3C190C}.Debug|ARM.Build.0 = Debug|ARM
		{44C0FF7D-0786-4F03-89F5-4E5EFA3C190C}.Debug|ARM64.ActiveCfg = Debug|ARM64
		{44C0FF7D-0786-4F03-89F5-4E5EFA3C190C}.Debug|ARM64.Build.0 = Debug|ARM64
		{44C0FF7D-0786-4F03-89F5-4E5EFA3C190C}.Debug|x64.ActiveCfg = Debug|x64
		{44C0FF7D-0786-4F03-89F5-4E5EFA3C190C}.Debug|x64.Build.0 = Debug|x64
		{44C0FF7D-0786-4F03-89F5-4E5EFA3C190C}.Debug|x86.ActiveCfg = Debug|x86
		{44C0FF7D-0786-4F03-89F5-4E5EFA3C190C}.Debug|x86.Build.0 = Debug|x86
		{44C0FF7D-0786-4F03-89F5-4E5EFA3C190C}.Release|Any CPU.ActiveCfg = Release|Any CPU
		{44C0FF7D-0786-4F03-89F5-4E5EFA3C190C}.Release|Any CPU.Build.0 = Release|Any CPU
		{44C0FF7D-0786-4F03-89F5-4E5EFA3C190C}.Release|ARM.ActiveCfg = Release|ARM
		{44C0FF7D-0786-4F03-89F5-4E5EFA3C190C}.Release|ARM.Build.0 = Release|ARM
		{44C0FF7D-0786-4F03-89F5-4E5EFA3C190C}.Release|ARM64.ActiveCfg = Release|ARM64
		{44C0FF7D-0786-4F03-89F5-4E5EFA3C190C}.Release|ARM64.Build.0 = Release|ARM64
		{44C0FF7D-0786-4F03-89F5-4E5EFA3C190C}.Release|x64.ActiveCfg = Release|x64
		{44C0FF7D-0786-4F03-89F5-4E5EFA3C190C}.Release|x64.Build.0 = Release|x64
		{44C0FF7D-0786-4F03-89F5-4E5EFA3C190C}.Release|x86.ActiveCfg = Release|x86
		{44C0FF7D-0786-4F03-89F5-4E5EFA3C190C}.Release|x86.Build.0 = Release|x86
		{62A2B658-E47E-4FBD-A4AB-452BB81C78C0}.Debug|Any CPU.ActiveCfg = Debug|Any CPU
		{62A2B658-E47E-4FBD-A4AB-452BB81C78C0}.Debug|Any CPU.Build.0 = Debug|Any CPU
		{62A2B658-E47E-4FBD-A4AB-452BB81C78C0}.Debug|ARM.ActiveCfg = Debug|Any CPU
		{62A2B658-E47E-4FBD-A4AB-452BB81C78C0}.Debug|ARM.Build.0 = Debug|Any CPU
		{62A2B658-E47E-4FBD-A4AB-452BB81C78C0}.Debug|ARM64.ActiveCfg = Debug|Any CPU
		{62A2B658-E47E-4FBD-A4AB-452BB81C78C0}.Debug|ARM64.Build.0 = Debug|Any CPU
		{62A2B658-E47E-4FBD-A4AB-452BB81C78C0}.Debug|x64.ActiveCfg = Debug|Any CPU
		{62A2B658-E47E-4FBD-A4AB-452BB81C78C0}.Debug|x64.Build.0 = Debug|Any CPU
		{62A2B658-E47E-4FBD-A4AB-452BB81C78C0}.Debug|x86.ActiveCfg = Debug|Any CPU
		{62A2B658-E47E-4FBD-A4AB-452BB81C78C0}.Debug|x86.Build.0 = Debug|Any CPU
		{62A2B658-E47E-4FBD-A4AB-452BB81C78C0}.Release|Any CPU.ActiveCfg = Release|Any CPU
		{62A2B658-E47E-4FBD-A4AB-452BB81C78C0}.Release|Any CPU.Build.0 = Release|Any CPU
		{62A2B658-E47E-4FBD-A4AB-452BB81C78C0}.Release|ARM.ActiveCfg = Release|Any CPU
		{62A2B658-E47E-4FBD-A4AB-452BB81C78C0}.Release|ARM.Build.0 = Release|Any CPU
		{62A2B658-E47E-4FBD-A4AB-452BB81C78C0}.Release|ARM64.ActiveCfg = Release|Any CPU
		{62A2B658-E47E-4FBD-A4AB-452BB81C78C0}.Release|ARM64.Build.0 = Release|Any CPU
		{62A2B658-E47E-4FBD-A4AB-452BB81C78C0}.Release|x64.ActiveCfg = Release|Any CPU
		{62A2B658-E47E-4FBD-A4AB-452BB81C78C0}.Release|x64.Build.0 = Release|Any CPU
		{62A2B658-E47E-4FBD-A4AB-452BB81C78C0}.Release|x86.ActiveCfg = Release|Any CPU
		{62A2B658-E47E-4FBD-A4AB-452BB81C78C0}.Release|x86.Build.0 = Release|Any CPU
		{65ED33F3-A9B1-4D12-B1E7-A3E244879181}.Debug|Any CPU.ActiveCfg = Debug|Any CPU
		{65ED33F3-A9B1-4D12-B1E7-A3E244879181}.Debug|Any CPU.Build.0 = Debug|Any CPU
		{65ED33F3-A9B1-4D12-B1E7-A3E244879181}.Debug|ARM.ActiveCfg = Debug|Any CPU
		{65ED33F3-A9B1-4D12-B1E7-A3E244879181}.Debug|ARM.Build.0 = Debug|Any CPU
		{65ED33F3-A9B1-4D12-B1E7-A3E244879181}.Debug|ARM64.ActiveCfg = Debug|Any CPU
		{65ED33F3-A9B1-4D12-B1E7-A3E244879181}.Debug|ARM64.Build.0 = Debug|Any CPU
		{65ED33F3-A9B1-4D12-B1E7-A3E244879181}.Debug|x64.ActiveCfg = Debug|Any CPU
		{65ED33F3-A9B1-4D12-B1E7-A3E244879181}.Debug|x64.Build.0 = Debug|Any CPU
		{65ED33F3-A9B1-4D12-B1E7-A3E244879181}.Debug|x86.ActiveCfg = Debug|Any CPU
		{65ED33F3-A9B1-4D12-B1E7-A3E244879181}.Debug|x86.Build.0 = Debug|Any CPU
		{65ED33F3-A9B1-4D12-B1E7-A3E244879181}.Release|Any CPU.ActiveCfg = Release|Any CPU
		{65ED33F3-A9B1-4D12-B1E7-A3E244879181}.Release|Any CPU.Build.0 = Release|Any CPU
		{65ED33F3-A9B1-4D12-B1E7-A3E244879181}.Release|ARM.ActiveCfg = Release|Any CPU
		{65ED33F3-A9B1-4D12-B1E7-A3E244879181}.Release|ARM.Build.0 = Release|Any CPU
		{65ED33F3-A9B1-4D12-B1E7-A3E244879181}.Release|ARM64.ActiveCfg = Release|Any CPU
		{65ED33F3-A9B1-4D12-B1E7-A3E244879181}.Release|ARM64.Build.0 = Release|Any CPU
		{65ED33F3-A9B1-4D12-B1E7-A3E244879181}.Release|x64.ActiveCfg = Release|Any CPU
		{65ED33F3-A9B1-4D12-B1E7-A3E244879181}.Release|x64.Build.0 = Release|Any CPU
		{65ED33F3-A9B1-4D12-B1E7-A3E244879181}.Release|x86.ActiveCfg = Release|Any CPU
		{65ED33F3-A9B1-4D12-B1E7-A3E244879181}.Release|x86.Build.0 = Release|Any CPU
		{93AECCA7-6FED-4DDE-8E17-5A79C042CB37}.Debug|Any CPU.ActiveCfg = Debug|Any CPU
		{93AECCA7-6FED-4DDE-8E17-5A79C042CB37}.Debug|Any CPU.Build.0 = Debug|Any CPU
		{93AECCA7-6FED-4DDE-8E17-5A79C042CB37}.Debug|ARM.ActiveCfg = Debug|Any CPU
		{93AECCA7-6FED-4DDE-8E17-5A79C042CB37}.Debug|ARM.Build.0 = Debug|Any CPU
		{93AECCA7-6FED-4DDE-8E17-5A79C042CB37}.Debug|ARM64.ActiveCfg = Debug|Any CPU
		{93AECCA7-6FED-4DDE-8E17-5A79C042CB37}.Debug|ARM64.Build.0 = Debug|Any CPU
		{93AECCA7-6FED-4DDE-8E17-5A79C042CB37}.Debug|x64.ActiveCfg = Debug|Any CPU
		{93AECCA7-6FED-4DDE-8E17-5A79C042CB37}.Debug|x64.Build.0 = Debug|Any CPU
		{93AECCA7-6FED-4DDE-8E17-5A79C042CB37}.Debug|x86.ActiveCfg = Debug|Any CPU
		{93AECCA7-6FED-4DDE-8E17-5A79C042CB37}.Debug|x86.Build.0 = Debug|Any CPU
		{93AECCA7-6FED-4DDE-8E17-5A79C042CB37}.Release|Any CPU.ActiveCfg = Release|Any CPU
		{93AECCA7-6FED-4DDE-8E17-5A79C042CB37}.Release|Any CPU.Build.0 = Release|Any CPU
		{93AECCA7-6FED-4DDE-8E17-5A79C042CB37}.Release|ARM.ActiveCfg = Release|Any CPU
		{93AECCA7-6FED-4DDE-8E17-5A79C042CB37}.Release|ARM.Build.0 = Release|Any CPU
		{93AECCA7-6FED-4DDE-8E17-5A79C042CB37}.Release|ARM64.ActiveCfg = Release|Any CPU
		{93AECCA7-6FED-4DDE-8E17-5A79C042CB37}.Release|ARM64.Build.0 = Release|Any CPU
		{93AECCA7-6FED-4DDE-8E17-5A79C042CB37}.Release|x64.ActiveCfg = Release|Any CPU
		{93AECCA7-6FED-4DDE-8E17-5A79C042CB37}.Release|x64.Build.0 = Release|Any CPU
		{93AECCA7-6FED-4DDE-8E17-5A79C042CB37}.Release|x86.ActiveCfg = Release|Any CPU
		{93AECCA7-6FED-4DDE-8E17-5A79C042CB37}.Release|x86.Build.0 = Release|Any CPU
		{026E1EEA-0DED-4EA2-83F4-2F880681E458}.Debug|Any CPU.ActiveCfg = Debug|Any CPU
		{026E1EEA-0DED-4EA2-83F4-2F880681E458}.Debug|Any CPU.Build.0 = Debug|Any CPU
		{026E1EEA-0DED-4EA2-83F4-2F880681E458}.Debug|ARM.ActiveCfg = Debug|Any CPU
		{026E1EEA-0DED-4EA2-83F4-2F880681E458}.Debug|ARM.Build.0 = Debug|Any CPU
		{026E1EEA-0DED-4EA2-83F4-2F880681E458}.Debug|ARM64.ActiveCfg = Debug|Any CPU
		{026E1EEA-0DED-4EA2-83F4-2F880681E458}.Debug|ARM64.Build.0 = Debug|Any CPU
		{026E1EEA-0DED-4EA2-83F4-2F880681E458}.Debug|x64.ActiveCfg = Debug|Any CPU
		{026E1EEA-0DED-4EA2-83F4-2F880681E458}.Debug|x64.Build.0 = Debug|Any CPU
		{026E1EEA-0DED-4EA2-83F4-2F880681E458}.Debug|x86.ActiveCfg = Debug|Any CPU
		{026E1EEA-0DED-4EA2-83F4-2F880681E458}.Debug|x86.Build.0 = Debug|Any CPU
		{026E1EEA-0DED-4EA2-83F4-2F880681E458}.Release|Any CPU.ActiveCfg = Release|Any CPU
		{026E1EEA-0DED-4EA2-83F4-2F880681E458}.Release|Any CPU.Build.0 = Release|Any CPU
		{026E1EEA-0DED-4EA2-83F4-2F880681E458}.Release|ARM.ActiveCfg = Release|Any CPU
		{026E1EEA-0DED-4EA2-83F4-2F880681E458}.Release|ARM.Build.0 = Release|Any CPU
		{026E1EEA-0DED-4EA2-83F4-2F880681E458}.Release|ARM64.ActiveCfg = Release|Any CPU
		{026E1EEA-0DED-4EA2-83F4-2F880681E458}.Release|ARM64.Build.0 = Release|Any CPU
		{026E1EEA-0DED-4EA2-83F4-2F880681E458}.Release|x64.ActiveCfg = Release|Any CPU
		{026E1EEA-0DED-4EA2-83F4-2F880681E458}.Release|x64.Build.0 = Release|Any CPU
		{026E1EEA-0DED-4EA2-83F4-2F880681E458}.Release|x86.ActiveCfg = Release|Any CPU
		{026E1EEA-0DED-4EA2-83F4-2F880681E458}.Release|x86.Build.0 = Release|Any CPU
		{DA04B6FA-EC48-444D-8462-57574FA08358}.Debug|Any CPU.ActiveCfg = Debug|Any CPU
		{DA04B6FA-EC48-444D-8462-57574FA08358}.Debug|Any CPU.Build.0 = Debug|Any CPU
		{DA04B6FA-EC48-444D-8462-57574FA08358}.Debug|ARM.ActiveCfg = Debug|Any CPU
		{DA04B6FA-EC48-444D-8462-57574FA08358}.Debug|ARM.Build.0 = Debug|Any CPU
		{DA04B6FA-EC48-444D-8462-57574FA08358}.Debug|ARM64.ActiveCfg = Debug|Any CPU
		{DA04B6FA-EC48-444D-8462-57574FA08358}.Debug|ARM64.Build.0 = Debug|Any CPU
		{DA04B6FA-EC48-444D-8462-57574FA08358}.Debug|x64.ActiveCfg = Debug|Any CPU
		{DA04B6FA-EC48-444D-8462-57574FA08358}.Debug|x64.Build.0 = Debug|Any CPU
		{DA04B6FA-EC48-444D-8462-57574FA08358}.Debug|x86.ActiveCfg = Debug|Any CPU
		{DA04B6FA-EC48-444D-8462-57574FA08358}.Debug|x86.Build.0 = Debug|Any CPU
		{DA04B6FA-EC48-444D-8462-57574FA08358}.Release|Any CPU.ActiveCfg = Release|Any CPU
		{DA04B6FA-EC48-444D-8462-57574FA08358}.Release|Any CPU.Build.0 = Release|Any CPU
		{DA04B6FA-EC48-444D-8462-57574FA08358}.Release|ARM.ActiveCfg = Release|Any CPU
		{DA04B6FA-EC48-444D-8462-57574FA08358}.Release|ARM.Build.0 = Release|Any CPU
		{DA04B6FA-EC48-444D-8462-57574FA08358}.Release|ARM64.ActiveCfg = Release|Any CPU
		{DA04B6FA-EC48-444D-8462-57574FA08358}.Release|ARM64.Build.0 = Release|Any CPU
		{DA04B6FA-EC48-444D-8462-57574FA08358}.Release|x64.ActiveCfg = Release|Any CPU
		{DA04B6FA-EC48-444D-8462-57574FA08358}.Release|x64.Build.0 = Release|Any CPU
		{DA04B6FA-EC48-444D-8462-57574FA08358}.Release|x86.ActiveCfg = Release|Any CPU
		{DA04B6FA-EC48-444D-8462-57574FA08358}.Release|x86.Build.0 = Release|Any CPU
		{12F61A02-59AD-44A8-8B37-AD9744B3704E}.Debug|Any CPU.ActiveCfg = Debug|Any CPU
		{12F61A02-59AD-44A8-8B37-AD9744B3704E}.Debug|Any CPU.Build.0 = Debug|Any CPU
		{12F61A02-59AD-44A8-8B37-AD9744B3704E}.Debug|ARM.ActiveCfg = Debug|ARM
		{12F61A02-59AD-44A8-8B37-AD9744B3704E}.Debug|ARM.Build.0 = Debug|ARM
		{12F61A02-59AD-44A8-8B37-AD9744B3704E}.Debug|ARM64.ActiveCfg = Debug|ARM64
		{12F61A02-59AD-44A8-8B37-AD9744B3704E}.Debug|ARM64.Build.0 = Debug|ARM64
		{12F61A02-59AD-44A8-8B37-AD9744B3704E}.Debug|x64.ActiveCfg = Debug|x64
		{12F61A02-59AD-44A8-8B37-AD9744B3704E}.Debug|x64.Build.0 = Debug|x64
		{12F61A02-59AD-44A8-8B37-AD9744B3704E}.Debug|x86.ActiveCfg = Debug|x86
		{12F61A02-59AD-44A8-8B37-AD9744B3704E}.Debug|x86.Build.0 = Debug|x86
		{12F61A02-59AD-44A8-8B37-AD9744B3704E}.Release|Any CPU.ActiveCfg = Release|Any CPU
		{12F61A02-59AD-44A8-8B37-AD9744B3704E}.Release|Any CPU.Build.0 = Release|Any CPU
		{12F61A02-59AD-44A8-8B37-AD9744B3704E}.Release|ARM.ActiveCfg = Release|ARM
		{12F61A02-59AD-44A8-8B37-AD9744B3704E}.Release|ARM.Build.0 = Release|ARM
		{12F61A02-59AD-44A8-8B37-AD9744B3704E}.Release|ARM64.ActiveCfg = Release|ARM64
		{12F61A02-59AD-44A8-8B37-AD9744B3704E}.Release|ARM64.Build.0 = Release|ARM64
		{12F61A02-59AD-44A8-8B37-AD9744B3704E}.Release|x64.ActiveCfg = Release|x64
		{12F61A02-59AD-44A8-8B37-AD9744B3704E}.Release|x64.Build.0 = Release|x64
		{12F61A02-59AD-44A8-8B37-AD9744B3704E}.Release|x86.ActiveCfg = Release|x86
		{12F61A02-59AD-44A8-8B37-AD9744B3704E}.Release|x86.Build.0 = Release|x86
		{2AB7A2D7-DD8C-408B-BB02-58220369E583}.Debug|Any CPU.ActiveCfg = Debug|Any CPU
		{2AB7A2D7-DD8C-408B-BB02-58220369E583}.Debug|Any CPU.Build.0 = Debug|Any CPU
		{2AB7A2D7-DD8C-408B-BB02-58220369E583}.Debug|ARM.ActiveCfg = Debug|ARM
		{2AB7A2D7-DD8C-408B-BB02-58220369E583}.Debug|ARM.Build.0 = Debug|ARM
		{2AB7A2D7-DD8C-408B-BB02-58220369E583}.Debug|ARM64.ActiveCfg = Debug|ARM64
		{2AB7A2D7-DD8C-408B-BB02-58220369E583}.Debug|ARM64.Build.0 = Debug|ARM64
		{2AB7A2D7-DD8C-408B-BB02-58220369E583}.Debug|x64.ActiveCfg = Debug|x64
		{2AB7A2D7-DD8C-408B-BB02-58220369E583}.Debug|x64.Build.0 = Debug|x64
		{2AB7A2D7-DD8C-408B-BB02-58220369E583}.Debug|x86.ActiveCfg = Debug|x86
		{2AB7A2D7-DD8C-408B-BB02-58220369E583}.Debug|x86.Build.0 = Debug|x86
		{2AB7A2D7-DD8C-408B-BB02-58220369E583}.Release|Any CPU.ActiveCfg = Release|Any CPU
		{2AB7A2D7-DD8C-408B-BB02-58220369E583}.Release|Any CPU.Build.0 = Release|Any CPU
		{2AB7A2D7-DD8C-408B-BB02-58220369E583}.Release|ARM.ActiveCfg = Release|ARM
		{2AB7A2D7-DD8C-408B-BB02-58220369E583}.Release|ARM.Build.0 = Release|ARM
		{2AB7A2D7-DD8C-408B-BB02-58220369E583}.Release|ARM64.ActiveCfg = Release|ARM64
		{2AB7A2D7-DD8C-408B-BB02-58220369E583}.Release|ARM64.Build.0 = Release|ARM64
		{2AB7A2D7-DD8C-408B-BB02-58220369E583}.Release|x64.ActiveCfg = Release|x64
		{2AB7A2D7-DD8C-408B-BB02-58220369E583}.Release|x64.Build.0 = Release|x64
		{2AB7A2D7-DD8C-408B-BB02-58220369E583}.Release|x86.ActiveCfg = Release|x86
		{2AB7A2D7-DD8C-408B-BB02-58220369E583}.Release|x86.Build.0 = Release|x86
	EndGlobalSection
	GlobalSection(SolutionProperties) = preSolution
		HideSolutionNode = FALSE
	EndGlobalSection
	GlobalSection(NestedProjects) = preSolution
		{30070A18-BD50-41C5-80A7-7C28667A78BE} = {8DBE1CBE-AC70-4294-A260-68989210A000}
		{7CBC218C-9C09-4A6A-B115-44C022560B22} = {A8E7EABB-DCD0-4610-AACE-DB4003543957}
		{44C0FF7D-0786-4F03-89F5-4E5EFA3C190C} = {A8E7EABB-DCD0-4610-AACE-DB4003543957}
		{62A2B658-E47E-4FBD-A4AB-452BB81C78C0} = {2DBCBF6D-326D-4BE5-AE50-FF913419844A}
		{65ED33F3-A9B1-4D12-B1E7-A3E244879181} = {2DBCBF6D-326D-4BE5-AE50-FF913419844A}
		{93AECCA7-6FED-4DDE-8E17-5A79C042CB37} = {2A81E314-96E5-455B-BAA9-760003100442}
		{026E1EEA-0DED-4EA2-83F4-2F880681E458} = {2A81E314-96E5-455B-BAA9-760003100442}
		{DA04B6FA-EC48-444D-8462-57574FA08358} = {C6996F86-A779-488D-BD73-A74CFD2A1095}
		{12F61A02-59AD-44A8-8B37-AD9744B3704E} = {23C293C1-A242-45B4-9ADF-9976213A7F1B}
		{2AB7A2D7-DD8C-408B-BB02-58220369E583} = {A32AF32D-5BAE-450D-9562-C4BF4A1A192F}
	EndGlobalSection
	GlobalSection(ExtensibilityGlobals) = postSolution
		SolutionGuid = {3ADA681A-DA21-4DE8-897B-0874CE107DBF}
	EndGlobalSection
EndGlobal
